
Microsoft Visual Studio Solution File, Format Version 12.00
# Visual Studio 15
VisualStudioVersion = 15.0.36324.19
MinimumVisualStudioVersion = 10.0.40219.1
Project("{FAE04EC0-301F-11D3-BF4B-00C04F79EFBC}") = "VFORLETS", "VFORLETS\VFORLETS.csproj", "{924F06F3-45E4-4E73-930E-5158A6A8ACEE}"
EndProject
Global
	GlobalSection(SolutionConfigurationPlatforms) = preSolution
		Debug|Any CPU = Debug|Any CPU
		Release|Any CPU = Release|Any CPU
	EndGlobalSection
	GlobalSection(ProjectConfigurationPlatforms) = postSolution
		{924F06F3-45E4-4E73-930E-5158A6A8ACEE}.Debug|Any CPU.ActiveCfg = Debug|Any CPU
		{924F06F3-45E4-4E73-930E-5158A6A8ACEE}.Debug|Any CPU.Build.0 = Debug|Any CPU
		{924F06F3-45E4-4E73-930E-5158A6A8ACEE}.Release|Any CPU.ActiveCfg = Release|Any CPU
		{924F06F3-45E4-4E73-930E-5158A6A8ACEE}.Release|Any CPU.Build.0 = Release|Any CPU
	EndGlobalSection
	GlobalSection(SolutionProperties) = preSolution
		HideSolutionNode = FALSE
	EndGlobalSection
	GlobalSection(ExtensibilityGlobals) = postSolution
		SolutionGuid = {3BBD322F-65D9-4CFA-B23F-3C4B97BE360D}
	EndGlobalSection
EndGlobal
